
Microsoft Visual Studio Solution File, Format Version 12.00
# Visual Studio 15
VisualStudioVersion = 15.0.28010.2050
MinimumVisualStudioVersion = 10.0.40219.1
Project("{FAE04EC0-301F-11D3-BF4B-00C04F79EFBC}") = "Paint", "Paint\Paint.csproj", "{A16231A0-00FA-4635-A2E4-740B8E95A7C3}"
EndProject
Global
	GlobalSection(SolutionConfigurationPlatforms) = preSolution
		Debug|Any CPU = Debug|Any CPU
		Release|Any CPU = Release|Any CPU
	EndGlobalSection
	GlobalSection(ProjectConfigurationPlatforms) = postSolution
		{A16231A0-00FA-4635-A2E4-740B8E95A7C3}.Debug|Any CPU.ActiveCfg = Debug|Any CPU
		{A16231A0-00FA-4635-A2E4-740B8E95A7C3}.Debug|Any CPU.Build.0 = Debug|Any CPU
		{A16231A0-00FA-4635-A2E4-740B8E95A7C3}.Release|Any CPU.ActiveCfg = Release|Any CPU
		{A16231A0-00FA-4635-A2E4-740B8E95A7C3}.Release|Any CPU.Build.0 = Release|Any CPU
	EndGlobalSection
	GlobalSection(SolutionProperties) = preSolution
		HideSolutionNode = FALSE
	EndGlobalSection
	GlobalSection(ExtensibilityGlobals) = postSolution
		SolutionGuid = {593918A3-0BD3-4976-A727-AB15C9F9F86F}
	EndGlobalSection
EndGlobal
