
Microsoft Visual Studio Solution File, Format Version 12.00
# Visual Studio 15
VisualStudioVersion = 15.0.28010.2050
MinimumVisualStudioVersion = 10.0.40219.1
Project("{FAE04EC0-301F-11D3-BF4B-00C04F79EFBC}") = "paint", "paint\paint.csproj", "{8848D87E-DC16-4F2B-8F3B-60CB0FA33837}"
EndProject
Global
	GlobalSection(SolutionConfigurationPlatforms) = preSolution
		Debug|Any CPU = Debug|Any CPU
		Release|Any CPU = Release|Any CPU
	EndGlobalSection
	GlobalSection(ProjectConfigurationPlatforms) = postSolution
		{8848D87E-DC16-4F2B-8F3B-60CB0FA33837}.Debug|Any CPU.ActiveCfg = Debug|Any CPU
		{8848D87E-DC16-4F2B-8F3B-60CB0FA33837}.Debug|Any CPU.Build.0 = Debug|Any CPU
		{8848D87E-DC16-4F2B-8F3B-60CB0FA33837}.Release|Any CPU.ActiveCfg = Release|Any CPU
		{8848D87E-DC16-4F2B-8F3B-60CB0FA33837}.Release|Any CPU.Build.0 = Release|Any CPU
	EndGlobalSection
	GlobalSection(SolutionProperties) = preSolution
		HideSolutionNode = FALSE
	EndGlobalSection
	GlobalSection(ExtensibilityGlobals) = postSolution
		SolutionGuid = {E1BF556A-42D6-43A9-9776-3D5B34A1C89C}
	EndGlobalSection
EndGlobal
